
Microsoft Visual Studio Solution File, Format Version 12.00
# Visual Studio 15
VisualStudioVersion = 15.0.28307.271
MinimumVisualStudioVersion = 10.0.40219.1
Project("{9092AA53-FB77-4645-B42D-1CCCA6BD08BD}") = "DatabaseConnectionAPI", "DatabaseConnectionAPI\DatabaseConnectionAPI.njsproj", "{0A382A37-45A7-4138-A7A2-80400A337EF8}"
EndProject
Global
	GlobalSection(SolutionConfigurationPlatforms) = preSolution
		Debug|Any CPU = Debug|Any CPU
		Release|Any CPU = Release|Any CPU
	EndGlobalSection
	GlobalSection(ProjectConfigurationPlatforms) = postSolution
		{0A382A37-45A7-4138-A7A2-80400A337EF8}.Debug|Any CPU.ActiveCfg = Debug|Any CPU
		{0A382A37-45A7-4138-A7A2-80400A337EF8}.Debug|Any CPU.Build.0 = Debug|Any CPU
		{0A382A37-45A7-4138-A7A2-80400A337EF8}.Release|Any CPU.ActiveCfg = Release|Any CPU
		{0A382A37-45A7-4138-A7A2-80400A337EF8}.Release|Any CPU.Build.0 = Release|Any CPU
	EndGlobalSection
	GlobalSection(SolutionProperties) = preSolution
		HideSolutionNode = FALSE
	EndGlobalSection
	GlobalSection(ExtensibilityGlobals) = postSolution
		SolutionGuid = {11F61AFF-7847-478D-921A-937F7DDAD945}
	EndGlobalSection
EndGlobal
